
Microsoft Visual Studio Solution File, Format Version 12.00
# Visual Studio Version 16
VisualStudioVersion = 16.0.30709.132
MinimumVisualStudioVersion = 10.0.40219.1
Project("{9A19103F-16F7-4668-BE54-9A1E7A4F7556}") = "homepageBackend", "homepageBackend\homepageBackend.csproj", "{BA1DC312-0CE8-4A9E-A487-49FF2F1FA2D8}"
EndProject
Project("{FAE04EC0-301F-11D3-BF4B-00C04F79EFBC}") = "homepageBackend.IntegrationTests", "homepageBackend.IntegrationTests\homepageBackend.IntegrationTests.csproj", "{84F8BD56-309F-41E3-9AB7-52DD559AD02D}"
EndProject
Project("{FAE04EC0-301F-11D3-BF4B-00C04F79EFBC}") = "homepageBackend.Sdk", "homepageBackend.Sdk\homepageBackend.Sdk.csproj", "{F7B00BF4-9528-472B-91CA-762DC9786BF8}"
EndProject
Project("{FAE04EC0-301F-11D3-BF4B-00C04F79EFBC}") = "homepageBackend.SdkSample", "homepageBackend.SdkSample\homepageBackend.SdkSample.csproj", "{BC81ABA4-4DC6-463F-A639-64BEF1C5CE18}"
EndProject
Global
	GlobalSection(SolutionConfigurationPlatforms) = preSolution
		Debug|Any CPU = Debug|Any CPU
		Release|Any CPU = Release|Any CPU
	EndGlobalSection
	GlobalSection(ProjectConfigurationPlatforms) = postSolution
		{BA1DC312-0CE8-4A9E-A487-49FF2F1FA2D8}.Debug|Any CPU.ActiveCfg = Debug|Any CPU
		{BA1DC312-0CE8-4A9E-A487-49FF2F1FA2D8}.Debug|Any CPU.Build.0 = Debug|Any CPU
		{BA1DC312-0CE8-4A9E-A487-49FF2F1FA2D8}.Release|Any CPU.ActiveCfg = Release|Any CPU
		{BA1DC312-0CE8-4A9E-A487-49FF2F1FA2D8}.Release|Any CPU.Build.0 = Release|Any CPU
		{84F8BD56-309F-41E3-9AB7-52DD559AD02D}.Debug|Any CPU.ActiveCfg = Debug|Any CPU
		{84F8BD56-309F-41E3-9AB7-52DD559AD02D}.Debug|Any CPU.Build.0 = Debug|Any CPU
		{84F8BD56-309F-41E3-9AB7-52DD559AD02D}.Release|Any CPU.ActiveCfg = Release|Any CPU
		{84F8BD56-309F-41E3-9AB7-52DD559AD02D}.Release|Any CPU.Build.0 = Release|Any CPU
		{F7B00BF4-9528-472B-91CA-762DC9786BF8}.Debug|Any CPU.ActiveCfg = Debug|Any CPU
		{F7B00BF4-9528-472B-91CA-762DC9786BF8}.Debug|Any CPU.Build.0 = Debug|Any CPU
		{F7B00BF4-9528-472B-91CA-762DC9786BF8}.Release|Any CPU.ActiveCfg = Release|Any CPU
		{F7B00BF4-9528-472B-91CA-762DC9786BF8}.Release|Any CPU.Build.0 = Release|Any CPU
		{BC81ABA4-4DC6-463F-A639-64BEF1C5CE18}.Debug|Any CPU.ActiveCfg = Debug|Any CPU
		{BC81ABA4-4DC6-463F-A639-64BEF1C5CE18}.Debug|Any CPU.Build.0 = Debug|Any CPU
		{BC81ABA4-4DC6-463F-A639-64BEF1C5CE18}.Release|Any CPU.ActiveCfg = Release|Any CPU
		{BC81ABA4-4DC6-463F-A639-64BEF1C5CE18}.Release|Any CPU.Build.0 = Release|Any CPU
	EndGlobalSection
	GlobalSection(SolutionProperties) = preSolution
		HideSolutionNode = FALSE
	EndGlobalSection
	GlobalSection(ExtensibilityGlobals) = postSolution
		SolutionGuid = {D8069825-F1A0-4E28-851C-1FBAD59B7AFE}
	EndGlobalSection
EndGlobal
